dependencies:
- name: traefik
  repository: https://helm.traefik.io/traefik
  version: 9.12.3
- name: cava-media
  repository: https://cormorack.github.io/cava-media
  version: 0.1.1
- name: cava-metadata
  repository: https://cormorack.github.io/cava-metadata
  version: 0.1.0
digest: sha256:eddc092b8cf6bde1079520a75525d8d7aaabc5b6bed8b937a2abed7008da62eb
generated: "2021-01-26T12:33:55.710981786-08:00"
