dependencies:
- name: traefik
  repository: https://helm.traefik.io/traefik
  version: 9.12.3
- name: cava-media
  repository: https://cormorack.github.io/cava-media
  version: 0.1.1
digest: sha256:27641792fe8771eaf8deedac9799d14541afdd33b1a0e5e7834bf6f4ecf67e26
generated: "2021-01-22T15:33:27.148564412-08:00"
